
Microsoft Visual Studio Solution File, Format Version 12.00
Project("{2150E333-8FDC-42A3-9474-1A3956D46DE8}") = "SolutionsProperties", "SolutionsProperties", "{54DC1FD2-9783-45C5-8F8C-33C7158A2486}"
ProjectSection(SolutionItems) = preProject
	Ports.txt = Ports.txt
EndProjectSection
EndProject
Project("{2150E333-8FDC-42A3-9474-1A3956D46DE8}") = "Services", "Services", "{1D14B731-1C4B-4EF9-AFD5-C0221C10D6EE}"
EndProject
Project("{2150E333-8FDC-42A3-9474-1A3956D46DE8}") = "Catalog", "Catalog", "{14AE1E91-6EB2-4732-A3EC-C038BAAC8248}"
EndProject
Project("{FAE04EC0-301F-11D3-BF4B-00C04F79EFBC}") = "FreeCourse.Services.Catalog", "Services\Catalog\FreeCourse.Services.Catalog\FreeCourse.Services.Catalog.csproj", "{F82F0449-2498-4313-BDDE-02D36064790D}"
EndProject
Global
	GlobalSection(SolutionConfigurationPlatforms) = preSolution
		Debug|Any CPU = Debug|Any CPU
		Release|Any CPU = Release|Any CPU
	EndGlobalSection
	GlobalSection(NestedProjects) = preSolution
		{1D14B731-1C4B-4EF9-AFD5-C0221C10D6EE} = {54DC1FD2-9783-45C5-8F8C-33C7158A2486}
		{14AE1E91-6EB2-4732-A3EC-C038BAAC8248} = {1D14B731-1C4B-4EF9-AFD5-C0221C10D6EE}
		{F82F0449-2498-4313-BDDE-02D36064790D} = {14AE1E91-6EB2-4732-A3EC-C038BAAC8248}
	EndGlobalSection
	GlobalSection(ProjectConfigurationPlatforms) = postSolution
		{F82F0449-2498-4313-BDDE-02D36064790D}.Debug|Any CPU.ActiveCfg = Debug|Any CPU
		{F82F0449-2498-4313-BDDE-02D36064790D}.Debug|Any CPU.Build.0 = Debug|Any CPU
		{F82F0449-2498-4313-BDDE-02D36064790D}.Release|Any CPU.ActiveCfg = Release|Any CPU
		{F82F0449-2498-4313-BDDE-02D36064790D}.Release|Any CPU.Build.0 = Release|Any CPU
	EndGlobalSection
EndGlobal
