
Microsoft Visual Studio Solution File, Format Version 12.00
# Visual Studio Version 16
Project("{2150E333-8FDC-42A3-9474-1A3956D46DE8}") = "SolutionsProperties", "SolutionsProperties", "{54DC1FD2-9783-45C5-8F8C-33C7158A2486}"
	ProjectSection(SolutionItems) = preProject
		Ports.txt = Ports.txt
	EndProjectSection
EndProject
Project("{2150E333-8FDC-42A3-9474-1A3956D46DE8}") = "Services", "Services", "{1D14B731-1C4B-4EF9-AFD5-C0221C10D6EE}"
EndProject
Project("{2150E333-8FDC-42A3-9474-1A3956D46DE8}") = "Core", "Core", "{DB2CC99A-66B7-40D0-BA5E-85AFA4777868}"
EndProject
Project("{FAE04EC0-301F-11D3-BF4B-00C04F79EFBC}") = "FreeCourse.CoreLib", "Core\FreeCourse.CoreLib\FreeCourse.CoreLib.csproj", "{D9C75E36-9726-4BD1-9FFE-FE40C469974A}"
EndProject
Project("{FAE04EC0-301F-11D3-BF4B-00C04F79EFBC}") = "DistLearn.Services.Catalog", "Services\DistLearn.Services.Catalog\DistLearn.Services.Catalog.csproj", "{CFAE1903-3D8B-45EA-AE13-D92A2FC14AE9}"
EndProject
Project("{2150E333-8FDC-42A3-9474-1A3956D46DE8}") = "ExternalProjects", "ExternalProjects", "{90A0E16C-5858-4068-9392-0AC9F84BC3B8}"
EndProject
Project("{FAE04EC0-301F-11D3-BF4B-00C04F79EFBC}") = "FreeCourse.IdentityServer", "ExternalProjects\FreeCourse.IdentityServer\FreeCourse.IdentityServer.csproj", "{470B8297-DC0F-43CE-8F06-2B77C2093EFB}"
EndProject
Global
	GlobalSection(SolutionConfigurationPlatforms) = preSolution
		Debug|Any CPU = Debug|Any CPU
		Release|Any CPU = Release|Any CPU
	EndGlobalSection
	GlobalSection(NestedProjects) = preSolution
		{1D14B731-1C4B-4EF9-AFD5-C0221C10D6EE} = {54DC1FD2-9783-45C5-8F8C-33C7158A2486}
		{DB2CC99A-66B7-40D0-BA5E-85AFA4777868} = {54DC1FD2-9783-45C5-8F8C-33C7158A2486}
		{D9C75E36-9726-4BD1-9FFE-FE40C469974A} = {DB2CC99A-66B7-40D0-BA5E-85AFA4777868}
		{CFAE1903-3D8B-45EA-AE13-D92A2FC14AE9} = {1D14B731-1C4B-4EF9-AFD5-C0221C10D6EE}
		{90A0E16C-5858-4068-9392-0AC9F84BC3B8} = {54DC1FD2-9783-45C5-8F8C-33C7158A2486}
		{470B8297-DC0F-43CE-8F06-2B77C2093EFB} = {90A0E16C-5858-4068-9392-0AC9F84BC3B8}
	EndGlobalSection
	GlobalSection(ProjectConfigurationPlatforms) = postSolution
		{D9C75E36-9726-4BD1-9FFE-FE40C469974A}.Debug|Any CPU.ActiveCfg = Debug|Any CPU
		{D9C75E36-9726-4BD1-9FFE-FE40C469974A}.Debug|Any CPU.Build.0 = Debug|Any CPU
		{D9C75E36-9726-4BD1-9FFE-FE40C469974A}.Release|Any CPU.ActiveCfg = Release|Any CPU
		{D9C75E36-9726-4BD1-9FFE-FE40C469974A}.Release|Any CPU.Build.0 = Release|Any CPU
		{CFAE1903-3D8B-45EA-AE13-D92A2FC14AE9}.Debug|Any CPU.ActiveCfg = Debug|Any CPU
		{CFAE1903-3D8B-45EA-AE13-D92A2FC14AE9}.Debug|Any CPU.Build.0 = Debug|Any CPU
		{CFAE1903-3D8B-45EA-AE13-D92A2FC14AE9}.Release|Any CPU.ActiveCfg = Release|Any CPU
		{CFAE1903-3D8B-45EA-AE13-D92A2FC14AE9}.Release|Any CPU.Build.0 = Release|Any CPU
		{470B8297-DC0F-43CE-8F06-2B77C2093EFB}.Debug|Any CPU.ActiveCfg = Debug|Any CPU
		{470B8297-DC0F-43CE-8F06-2B77C2093EFB}.Debug|Any CPU.Build.0 = Debug|Any CPU
		{470B8297-DC0F-43CE-8F06-2B77C2093EFB}.Release|Any CPU.ActiveCfg = Release|Any CPU
		{470B8297-DC0F-43CE-8F06-2B77C2093EFB}.Release|Any CPU.Build.0 = Release|Any CPU
	EndGlobalSection
EndGlobal
